// !$*UTF8*$!
{
	archiveVersion = 1;
	classes = {
	};
	objectVersion = 51;
	objects = {

/* Begin PBXBuildFile section */
		A143AE3663631B8A5D77A757 /* Pods_FirebaseToDo.framework in Frameworks */ = {isa = PBXBuildFile; fileRef = F96CF8280C355132D726FF6D /* Pods_FirebaseToDo.framework */; };
		AC0CBF722375D6F70025128D /* DesignableTextField.swift in Sources */ = {isa = PBXBuildFile; fileRef = AC0CBF712375D6F70025128D /* DesignableTextField.swift */; };
		AC48C92A237B0A680066D4FD /* User.swift in Sources */ = {isa = PBXBuildFile; fileRef = AC48C929237B0A680066D4FD /* User.swift */; };
		AC48C92C237B0B610066D4FD /* Tasks.swift in Sources */ = {isa = PBXBuildFile; fileRef = AC48C92B237B0B610066D4FD /* Tasks.swift */; };
		AC6BEE9E2376D654007EC028 /* LoginViewController.swift in Sources */ = {isa = PBXBuildFile; fileRef = AC6BEE9D2376D654007EC028 /* LoginViewController.swift */; };
		AC6BEEA02376D6B6007EC028 /* TasksViewController.swift in Sources */ = {isa = PBXBuildFile; fileRef = AC6BEE9F2376D6B6007EC028 /* TasksViewController.swift */; };
		AC6CEB3F2376EA2800ED3CD9 /* GoogleService-Info.plist in Resources */ = {isa = PBXBuildFile; fileRef = AC6CEB3E2376EA2800ED3CD9 /* GoogleService-Info.plist */; };
		AC7F4A3D237587CA00B929B5 /* AppDelegate.swift in Sources */ = {isa = PBXBuildFile; fileRef = AC7F4A3C237587CA00B929B5 /* AppDelegate.swift */; };
		AC7F4A3F237587CA00B929B5 /* SceneDelegate.swift in Sources */ = {isa = PBXBuildFile; fileRef = AC7F4A3E237587CA00B929B5 /* SceneDelegate.swift */; };
		AC7F4A44237587CA00B929B5 /* Main.storyboard in Resources */ = {isa = PBXBuildFile; fileRef = AC7F4A42237587CA00B929B5 /* Main.storyboard */; };
		AC7F4A46237587D100B929B5 /* Assets.xcassets in Resources */ = {isa = PBXBuildFile; fileRef = AC7F4A45237587D100B929B5 /* Assets.xcassets */; };
		AC7F4A49237587D100B929B5 /* LaunchScreen.storyboard in Resources */ = {isa = PBXBuildFile; fileRef = AC7F4A47237587D100B929B5 /* LaunchScreen.storyboard */; };
		AC8DB5202375B65700B651E2 /* Extension.swift in Sources */ = {isa = PBXBuildFile; fileRef = AC8DB51F2375B65700B651E2 /* Extension.swift */; };
		AC8DB5252375B70700B651E2 /* BounceButton.swift in Sources */ = {isa = PBXBuildFile; fileRef = AC8DB5242375B70700B651E2 /* BounceButton.swift */; };
		AC8DB5272375B85100B651E2 /* DesignButton.swift in Sources */ = {isa = PBXBuildFile; fileRef = AC8DB5262375B85000B651E2 /* DesignButton.swift */; };
/* End PBXBuildFile section */

/* Begin PBXFileReference section */
		292E9625920792917D1B7F55 /* Pods-FirebaseToDo.debug.xcconfig */ = {isa = PBXFileReference; includeInIndex = 1; lastKnownFileType = text.xcconfig; name = "Pods-FirebaseToDo.debug.xcconfig"; path = "Target Support Files/Pods-FirebaseToDo/Pods-FirebaseToDo.debug.xcconfig"; sourceTree = "<group>"; };
		AC0CBF712375D6F70025128D /* DesignableTextField.swift */ = {isa = PBXFileReference; lastKnownFileType = sourcecode.swift; path = DesignableTextField.swift; sourceTree = "<group>"; };
		AC48C929237B0A680066D4FD /* User.swift */ = {isa = PBXFileReference; lastKnownFileType = sourcecode.swift; path = User.swift; sourceTree = "<group>"; };
		AC48C92B237B0B610066D4FD /* Tasks.swift */ = {isa = PBXFileReference; lastKnownFileType = sourcecode.swift; path = Tasks.swift; sourceTree = "<group>"; };
		AC6BEE9D2376D654007EC028 /* LoginViewController.swift */ = {isa = PBXFileReference; lastKnownFileType = sourcecode.swift; path = LoginViewController.swift; sourceTree = "<group>"; };
		AC6BEE9F2376D6B6007EC028 /* TasksViewController.swift */ = {isa = PBXFileReference; lastKnownFileType = sourcecode.swift; path = TasksViewController.swift; sourceTree = "<group>"; };
		AC6CEB3E2376EA2800ED3CD9 /* GoogleService-Info.plist */ = {isa = PBXFileReference; fileEncoding = 4; lastKnownFileType = text.plist.xml; path = "GoogleService-Info.plist"; sourceTree = "<group>"; };
		AC7F4A39237587CA00B929B5 /* FirebaseToDo.app */ = {isa = PBXFileReference; explicitFileType = wrapper.application; includeInIndex = 0; path = FirebaseToDo.app; sourceTree = BUILT_PRODUCTS_DIR; };
		AC7F4A3C237587CA00B929B5 /* AppDelegate.swift */ = {isa = PBXFileReference; lastKnownFileType = sourcecode.swift; path = AppDelegate.swift; sourceTree = "<group>"; };
		AC7F4A3E237587CA00B929B5 /* SceneDelegate.swift */ = {isa = PBXFileReference; lastKnownFileType = sourcecode.swift; path = SceneDelegate.swift; sourceTree = "<group>"; };
		AC7F4A43237587CA00B929B5 /* Base */ = {isa = PBXFileReference; lastKnownFileType = file.storyboard; name = Base; path = Base.lproj/Main.storyboard; sourceTree = "<group>"; };
		AC7F4A45237587D100B929B5 /* Assets.xcassets */ = {isa = PBXFileReference; lastKnownFileType = folder.assetcatalog; path = Assets.xcassets; sourceTree = "<group>"; };
		AC7F4A48237587D100B929B5 /* Base */ = {isa = PBXFileReference; lastKnownFileType = file.storyboard; name = Base; path = Base.lproj/LaunchScreen.storyboard; sourceTree = "<group>"; };
		AC7F4A4A237587D100B929B5 /* Info.plist */ = {isa = PBXFileReference; lastKnownFileType = text.plist.xml; path = Info.plist; sourceTree = "<group>"; };
		AC8DB51F2375B65700B651E2 /* Extension.swift */ = {isa = PBXFileReference; lastKnownFileType = sourcecode.swift; path = Extension.swift; sourceTree = "<group>"; };
		AC8DB5242375B70700B651E2 /* BounceButton.swift */ = {isa = PBXFileReference; lastKnownFileType = sourcecode.swift; path = BounceButton.swift; sourceTree = "<group>"; };
		AC8DB5262375B85000B651E2 /* DesignButton.swift */ = {isa = PBXFileReference; lastKnownFileType = sourcecode.swift; path = DesignButton.swift; sourceTree = "<group>"; };
		AE9ECB26DF855B8CB6E38FAB /* Pods-FirebaseToDo.release.xcconfig */ = {isa = PBXFileReference; includeInIndex = 1; lastKnownFileType = text.xcconfig; name = "Pods-FirebaseToDo.release.xcconfig"; path = "Target Support Files/Pods-FirebaseToDo/Pods-FirebaseToDo.release.xcconfig"; sourceTree = "<group>"; };
		F96CF8280C355132D726FF6D /* Pods_FirebaseToDo.framework */ = {isa = PBXFileReference; explicitFileType = wrapper.framework; includeInIndex = 0; path = Pods_FirebaseToDo.framework; sourceTree = BUILT_PRODUCTS_DIR; };
/* End PBXFileReference section */

/* Begin PBXFrameworksBuildPhase section */
		AC7F4A36237587CA00B929B5 /* Frameworks */ = {
			isa = PBXFrameworksBuildPhase;
			buildActionMask = 2147483647;
			files = (
				A143AE3663631B8A5D77A757 /* Pods_FirebaseToDo.framework in Frameworks */,
			);
			runOnlyForDeploymentPostprocessing = 0;
		};
/* End PBXFrameworksBuildPhase section */

/* Begin PBXGroup section */
		0ACB50614324860BE4CD0639 /* Frameworks */ = {
			isa = PBXGroup;
			children = (
				F96CF8280C355132D726FF6D /* Pods_FirebaseToDo.framework */,
			);
			name = Frameworks;
			sourceTree = "<group>";
		};
		853C82682078509E4B972D74 /* Pods */ = {
			isa = PBXGroup;
			children = (
				292E9625920792917D1B7F55 /* Pods-FirebaseToDo.debug.xcconfig */,
				AE9ECB26DF855B8CB6E38FAB /* Pods-FirebaseToDo.release.xcconfig */,
			);
			path = Pods;
			sourceTree = "<group>";
		};
		AC48C928237B0A380066D4FD /* Models */ = {
			isa = PBXGroup;
			children = (
				AC48C929237B0A680066D4FD /* User.swift */,
				AC48C92B237B0B610066D4FD /* Tasks.swift */,
			);
			path = Models;
			sourceTree = "<group>";
		};
		AC6BEE992376D4EA007EC028 /* Views */ = {
			isa = PBXGroup;
			children = (
				AC7F4A42237587CA00B929B5 /* Main.storyboard */,
				AC7F4A47237587D100B929B5 /* LaunchScreen.storyboard */,
			);
			path = Views;
			sourceTree = "<group>";
		};
		AC6BEE9A2376D5D3007EC028 /* Controllers */ = {
			isa = PBXGroup;
			children = (
				AC6BEE9D2376D654007EC028 /* LoginViewController.swift */,
				AC6BEE9F2376D6B6007EC028 /* TasksViewController.swift */,
			);
			path = Controllers;
			sourceTree = "<group>";
		};
		AC7F4A30237587CA00B929B5 = {
			isa = PBXGroup;
			children = (
				AC7F4A3B237587CA00B929B5 /* FirebaseToDo */,
				AC7F4A3A237587CA00B929B5 /* Products */,
				853C82682078509E4B972D74 /* Pods */,
				0ACB50614324860BE4CD0639 /* Frameworks */,
			);
			sourceTree = "<group>";
		};
		AC7F4A3A237587CA00B929B5 /* Products */ = {
			isa = PBXGroup;
			children = (
				AC7F4A39237587CA00B929B5 /* FirebaseToDo.app */,
			);
			name = Products;
			sourceTree = "<group>";
		};
		AC7F4A3B237587CA00B929B5 /* FirebaseToDo */ = {
			isa = PBXGroup;
			children = (
				AC8DB51D2375B53700B651E2 /* Delegates */,
				AC8DB5212375B67900B651E2 /* Designable */,
				AC48C928237B0A380066D4FD /* Models */,
				AC8DB51E2375B63700B651E2 /* Extensions */,
				AC6BEE992376D4EA007EC028 /* Views */,
				AC6BEE9A2376D5D3007EC028 /* Controllers */,
				AC7F4A45237587D100B929B5 /* Assets.xcassets */,
				AC7F4A4A237587D100B929B5 /* Info.plist */,
				AC6CEB3E2376EA2800ED3CD9 /* GoogleService-Info.plist */,
			);
			path = FirebaseToDo;
			sourceTree = "<group>";
		};
		AC8DB51D2375B53700B651E2 /* Delegates */ = {
			isa = PBXGroup;
			children = (
				AC7F4A3C237587CA00B929B5 /* AppDelegate.swift */,
				AC7F4A3E237587CA00B929B5 /* SceneDelegate.swift */,
			);
			path = Delegates;
			sourceTree = "<group>";
		};
		AC8DB51E2375B63700B651E2 /* Extensions */ = {
			isa = PBXGroup;
			children = (
				AC8DB51F2375B65700B651E2 /* Extension.swift */,
			);
			path = Extensions;
			sourceTree = "<group>";
		};
		AC8DB5212375B67900B651E2 /* Designable */ = {
			isa = PBXGroup;
			children = (
				AC8DB5242375B70700B651E2 /* BounceButton.swift */,
				AC8DB5262375B85000B651E2 /* DesignButton.swift */,
				AC0CBF712375D6F70025128D /* DesignableTextField.swift */,
			);
			path = Designable;
			sourceTree = "<group>";
		};
/* End PBXGroup section */

/* Begin PBXNativeTarget section */
		AC7F4A38237587CA00B929B5 /* FirebaseToDo */ = {
			isa = PBXNativeTarget;
			buildConfigurationList = AC7F4A4D237587D100B929B5 /* Build configuration list for PBXNativeTarget "FirebaseToDo" */;
			buildPhases = (
				B206DD82BDABFEA0DD53AEF0 /* [CP] Check Pods Manifest.lock */,
				AC7F4A35237587CA00B929B5 /* Sources */,
				AC7F4A36237587CA00B929B5 /* Frameworks */,
				AC7F4A37237587CA00B929B5 /* Resources */,
				7134B2BFC149518C0D77A570 /* [CP] Embed Pods Frameworks */,
			);
			buildRules = (
			);
			dependencies = (
			);
			name = FirebaseToDo;
			productName = FirebaseToDo;
			productReference = AC7F4A39237587CA00B929B5 /* FirebaseToDo.app */;
			productType = "com.apple.product-type.application";
		};
/* End PBXNativeTarget section */

/* Begin PBXProject section */
		AC7F4A31237587CA00B929B5 /* Project object */ = {
			isa = PBXProject;
			attributes = {
				LastSwiftUpdateCheck = 1110;
				LastUpgradeCheck = 1110;
				ORGANIZATIONNAME = "Artjoms Vorona";
				TargetAttributes = {
					AC7F4A38237587CA00B929B5 = {
						CreatedOnToolsVersion = 11.1;
					};
				};
			};
			buildConfigurationList = AC7F4A34237587CA00B929B5 /* Build configuration list for PBXProject "FirebaseToDo" */;
			compatibilityVersion = "Xcode 9.3";
			developmentRegion = en;
			hasScannedForEncodings = 0;
			knownRegions = (
				en,
				Base,
			);
			mainGroup = AC7F4A30237587CA00B929B5;
			productRefGroup = AC7F4A3A237587CA00B929B5 /* Products */;
			projectDirPath = "";
			projectRoot = "";
			targets = (
				AC7F4A38237587CA00B929B5 /* FirebaseToDo */,
			);
		};
/* End PBXProject section */

/* Begin PBXResourcesBuildPhase section */
		AC7F4A37237587CA00B929B5 /* Resources */ = {
			isa = PBXResourcesBuildPhase;
			buildActionMask = 2147483647;
			files = (
				AC7F4A49237587D100B929B5 /* LaunchScreen.storyboard in Resources */,
				AC6CEB3F2376EA2800ED3CD9 /* GoogleService-Info.plist in Resources */,
				AC7F4A46237587D100B929B5 /* Assets.xcassets in Resources */,
				AC7F4A44237587CA00B929B5 /* Main.storyboard in Resources */,
			);
			runOnlyForDeploymentPostprocessing = 0;
		};
/* End PBXResourcesBuildPhase section */

/* Begin PBXShellScriptBuildPhase section */
		7134B2BFC149518C0D77A570 /* [CP] Embed Pods Frameworks */ = {
			isa = PBXShellScriptBuildPhase;
			buildActionMask = 2147483647;
			files = (
			);
			inputFileListPaths = (
				"${PODS_ROOT}/Target Support Files/Pods-FirebaseToDo/Pods-FirebaseToDo-frameworks-${CONFIGURATION}-input-files.xcfilelist",
			);
			name = "[CP] Embed Pods Frameworks";
			outputFileListPaths = (
				"${PODS_ROOT}/Target Support Files/Pods-FirebaseToDo/Pods-FirebaseToDo-frameworks-${CONFIGURATION}-output-files.xcfilelist",
			);
			runOnlyForDeploymentPostprocessing = 0;
			shellPath = /bin/sh;
			shellScript = "\"${PODS_ROOT}/Target Support Files/Pods-FirebaseToDo/Pods-FirebaseToDo-frameworks.sh\"\n";
			showEnvVarsInLog = 0;
		};
		B206DD82BDABFEA0DD53AEF0 /* [CP] Check Pods Manifest.lock */ = {
			isa = PBXShellScriptBuildPhase;
			buildActionMask = 2147483647;
			files = (
			);
			inputFileListPaths = (
			);
			inputPaths = (
				"${PODS_PODFILE_DIR_PATH}/Podfile.lock",
				"${PODS_ROOT}/Manifest.lock",
			);
			name = "[CP] Check Pods Manifest.lock";
			outputFileListPaths = (
			);
			outputPaths = (
				"$(DERIVED_FILE_DIR)/Pods-FirebaseToDo-checkManifestLockResult.txt",
			);
			runOnlyForDeploymentPostprocessing = 0;
			shellPath = /bin/sh;
			shellScript = "diff \"${PODS_PODFILE_DIR_PATH}/Podfile.lock\" \"${PODS_ROOT}/Manifest.lock\" > /dev/null\nif [ $? != 0 ] ; then\n    # print error to STDERR\n    echo \"error: The sandbox is not in sync with the Podfile.lock. Run 'pod install' or update your CocoaPods installation.\" >&2\n    exit 1\nfi\n# This output is used by Xcode 'outputs' to avoid re-running this script phase.\necho \"SUCCESS\" > \"${SCRIPT_OUTPUT_FILE_0}\"\n";
			showEnvVarsInLog = 0;
		};
/* End PBXShellScriptBuildPhase section */

/* Begin PBXSourcesBuildPhase section */
		AC7F4A35237587CA00B929B5 /* Sources */ = {
			isa = PBXSourcesBuildPhase;
			buildActionMask = 2147483647;
			files = (
				AC8DB5252375B70700B651E2 /* BounceButton.swift in Sources */,
				AC6BEEA02376D6B6007EC028 /* TasksViewController.swift in Sources */,
				AC7F4A3D237587CA00B929B5 /* AppDelegate.swift in Sources */,
				AC0CBF722375D6F70025128D /* DesignableTextField.swift in Sources */,
				AC8DB5272375B85100B651E2 /* DesignButton.swift in Sources */,
				AC48C92A237B0A680066D4FD /* User.swift in Sources */,
				AC6BEE9E2376D654007EC028 /* LoginViewController.swift in Sources */,
				AC7F4A3F237587CA00B929B5 /* SceneDelegate.swift in Sources */,
				AC48C92C237B0B610066D4FD /* Tasks.swift in Sources */,
				AC8DB5202375B65700B651E2 /* Extension.swift in Sources */,
			);
			runOnlyForDeploymentPostprocessing = 0;
		};
/* End PBXSourcesBuildPhase section */

/* Begin PBXVariantGroup section */
		AC7F4A42237587CA00B929B5 /* Main.storyboard */ = {
			isa = PBXVariantGroup;
			children = (
				AC7F4A43237587CA00B929B5 /* Base */,
			);
			name = Main.storyboard;
			sourceTree = "<group>";
		};
		AC7F4A47237587D100B929B5 /* LaunchScreen.storyboard */ = {
			isa = PBXVariantGroup;
			children = (
				AC7F4A48237587D100B929B5 /* Base */,
			);
			name = LaunchScreen.storyboard;
			sourceTree = "<group>";
		};
/* End PBXVariantGroup section */

/* Begin XCBuildConfiguration section */
		AC7F4A4B237587D100B929B5 /* Debug */ = {
			isa = XCBuildConfiguration;
			buildSettings = {
				ALWAYS_SEARCH_USER_PATHS = NO;
				CLANG_ANALYZER_NONNULL = YES;
				CLANG_ANALYZER_NUMBER_OBJECT_CONVERSION = YES_AGGRESSIVE;
				CLANG_CXX_LANGUAGE_STANDARD = "gnu++14";
				CLANG_CXX_LIBRARY = "libc++";
				CLANG_ENABLE_MODULES = YES;
				CLANG_ENABLE_OBJC_ARC = YES;
				CLANG_ENABLE_OBJC_WEAK = YES;
				CLANG_WARN_BLOCK_CAPTURE_AUTORELEASING = YES;
				CLANG_WARN_BOOL_CONVERSION = YES;
				CLANG_WARN_COMMA = YES;
				CLANG_WARN_CONSTANT_CONVERSION = YES;
				CLANG_WARN_DEPRECATED_OBJC_IMPLEMENTATIONS = YES;
				CLANG_WARN_DIRECT_OBJC_ISA_USAGE = YES_ERROR;
				CLANG_WARN_DOCUMENTATION_COMMENTS = YES;
				CLANG_WARN_EMPTY_BODY = YES;
				CLANG_WARN_ENUM_CONVERSION = YES;
				CLANG_WARN_INFINITE_RECURSION = YES;
				CLANG_WARN_INT_CONVERSION = YES;
				CLANG_WARN_NON_LITERAL_NULL_CONVERSION = YES;
				CLANG_WARN_OBJC_IMPLICIT_RETAIN_SELF = YES;
				CLANG_WARN_OBJC_LITERAL_CONVERSION = YES;
				CLANG_WARN_OBJC_ROOT_CLASS = YES_ERROR;
				CLANG_WARN_RANGE_LOOP_ANALYSIS = YES;
				CLANG_WARN_STRICT_PROTOTYPES = YES;
				CLANG_WARN_SUSPICIOUS_MOVE = YES;
				CLANG_WARN_UNGUARDED_AVAILABILITY = YES_AGGRESSIVE;
				CLANG_WARN_UNREACHABLE_CODE = YES;
				CLANG_WARN__DUPLICATE_METHOD_MATCH = YES;
				COPY_PHASE_STRIP = NO;
				DEBUG_INFORMATION_FORMAT = dwarf;
				ENABLE_STRICT_OBJC_MSGSEND = YES;
				ENABLE_TESTABILITY = YES;
				GCC_C_LANGUAGE_STANDARD = gnu11;
				GCC_DYNAMIC_NO_PIC = NO;
				GCC_NO_COMMON_BLOCKS = YES;
				GCC_OPTIMIZATION_LEVEL = 0;
				GCC_PREPROCESSOR_DEFINITIONS = (
					"DEBUG=1",
					"$(inherited)",
				);
				GCC_WARN_64_TO_32_BIT_CONVERSION = YES;
				GCC_WARN_ABOUT_RETURN_TYPE = YES_ERROR;
				GCC_WARN_UNDECLARED_SELECTOR = YES;
				GCC_WARN_UNINITIALIZED_AUTOS = YES_AGGRESSIVE;
				GCC_WARN_UNUSED_FUNCTION = YES;
				GCC_WARN_UNUSED_VARIABLE = YES;
				IPHONEOS_DEPLOYMENT_TARGET = 13.1;
				MTL_ENABLE_DEBUG_INFO = INCLUDE_SOURCE;
				MTL_FAST_MATH = YES;
				ONLY_ACTIVE_ARCH = YES;
				SDKROOT = iphoneos;
				SWIFT_ACTIVE_COMPILATION_CONDITIONS = DEBUG;
				SWIFT_OPTIMIZATION_LEVEL = "-Onone";
			};
			name = Debug;
		};
		AC7F4A4C237587D100B929B5 /* Release */ = {
			isa = XCBuildConfiguration;
			buildSettings = {
				ALWAYS_SEARCH_USER_PATHS = NO;
				CLANG_ANALYZER_NONNULL = YES;
				CLANG_ANALYZER_NUMBER_OBJECT_CONVERSION = YES_AGGRESSIVE;
				CLANG_CXX_LANGUAGE_STANDARD = "gnu++14";
				CLANG_CXX_LIBRARY = "libc++";
				CLANG_ENABLE_MODULES = YES;
				CLANG_ENABLE_OBJC_ARC = YES;
				CLANG_ENABLE_OBJC_WEAK = YES;
				CLANG_WARN_BLOCK_CAPTURE_AUTORELEASING = YES;
				CLANG_WARN_BOOL_CONVERSION = YES;
				CLANG_WARN_COMMA = YES;
				CLANG_WARN_CONSTANT_CONVERSION = YES;
				CLANG_WARN_DEPRECATED_OBJC_IMPLEMENTATIONS = YES;
				CLANG_WARN_DIRECT_OBJC_ISA_USAGE = YES_ERROR;
				CLANG_WARN_DOCUMENTATION_COMMENTS = YES;
				CLANG_WARN_EMPTY_BODY = YES;
				CLANG_WARN_ENUM_CONVERSION = YES;
				CLANG_WARN_INFINITE_RECURSION = YES;
				CLANG_WARN_INT_CONVERSION = YES;
				CLANG_WARN_NON_LITERAL_NULL_CONVERSION = YES;
				CLANG_WARN_OBJC_IMPLICIT_RETAIN_SELF = YES;
				CLANG_WARN_OBJC_LITERAL_CONVERSION = YES;
				CLANG_WARN_OBJC_ROOT_CLASS = YES_ERROR;
				CLANG_WARN_RANGE_LOOP_ANALYSIS = YES;
				CLANG_WARN_STRICT_PROTOTYPES = YES;
				CLANG_WARN_SUSPICIOUS_MOVE = YES;
				CLANG_WARN_UNGUARDED_AVAILABILITY = YES_AGGRESSIVE;
				CLANG_WARN_UNREACHABLE_CODE = YES;
				CLANG_WARN__DUPLICATE_METHOD_MATCH = YES;
				COPY_PHASE_STRIP = NO;
				DEBUG_INFORMATION_FORMAT = "dwarf-with-dsym";
				ENABLE_NS_ASSERTIONS = NO;
				ENABLE_STRICT_OBJC_MSGSEND = YES;
				GCC_C_LANGUAGE_STANDARD = gnu11;
				GCC_NO_COMMON_BLOCKS = YES;
				GCC_WARN_64_TO_32_BIT_CONVERSION = YES;
				GCC_WARN_ABOUT_RETURN_TYPE = YES_ERROR;
				GCC_WARN_UNDECLARED_SELECTOR = YES;
				GCC_WARN_UNINITIALIZED_AUTOS = YES_AGGRESSIVE;
				GCC_WARN_UNUSED_FUNCTION = YES;
				GCC_WARN_UNUSED_VARIABLE = YES;
				IPHONEOS_DEPLOYMENT_TARGET = 13.1;
				MTL_ENABLE_DEBUG_INFO = NO;
				MTL_FAST_MATH = YES;
				SDKROOT = iphoneos;
				SWIFT_COMPILATION_MODE = wholemodule;
				SWIFT_OPTIMIZATION_LEVEL = "-O";
				VALIDATE_PRODUCT = YES;
			};
			name = Release;
		};
		AC7F4A4E237587D100B929B5 /* Debug */ = {
			isa = XCBuildConfiguration;
			baseConfigurationReference = 292E9625920792917D1B7F55 /* Pods-FirebaseToDo.debug.xcconfig */;
			buildSettings = {
				ASSETCATALOG_COMPILER_APPICON_NAME = AppIcon;
				CODE_SIGN_STYLE = Automatic;
				DEVELOPMENT_TEAM = T79XLB42B4;
				INFOPLIST_FILE = FirebaseToDo/Info.plist;
				LD_RUNPATH_SEARCH_PATHS = (
					"$(inherited)",
					"@executable_path/Frameworks",
				);
				PRODUCT_BUNDLE_IDENTIFIER = "-.FirebaseToDo";
				PRODUCT_NAME = "$(TARGET_NAME)";
				SWIFT_VERSION = 5.0;
				TARGETED_DEVICE_FAMILY = 1;
			};
			name = Debug;
		};
		AC7F4A4F237587D100B929B5 /* Release */ = {
			isa = XCBuildConfiguration;
			baseConfigurationReference = AE9ECB26DF855B8CB6E38FAB /* Pods-FirebaseToDo.release.xcconfig */;
			buildSettings = {
				ASSETCATALOG_COMPILER_APPICON_NAME = AppIcon;
				CODE_SIGN_STYLE = Automatic;
				DEVELOPMENT_TEAM = T79XLB42B4;
				INFOPLIST_FILE = FirebaseToDo/Info.plist;
				LD_RUNPATH_SEARCH_PATHS = (
					"$(inherited)",
					"@executable_path/Frameworks",
				);
				PRODUCT_BUNDLE_IDENTIFIER = "-.FirebaseToDo";
				PRODUCT_NAME = "$(TARGET_NAME)";
				SWIFT_VERSION = 5.0;
				TARGETED_DEVICE_FAMILY = 1;
			};
			name = Release;
		};
/* End XCBuildConfiguration section */

/* Begin XCConfigurationList section */
		AC7F4A34237587CA00B929B5 /* Build configuration list for PBXProject "FirebaseToDo" */ = {
			isa = XCConfigurationList;
			buildConfigurations = (
				AC7F4A4B237587D100B929B5 /* Debug */,
				AC7F4A4C237587D100B929B5 /* Release */,
			);
			defaultConfigurationIsVisible = 0;
			defaultConfigurationName = Release;
		};
		AC7F4A4D237587D100B929B5 /* Build configuration list for PBXNativeTarget "FirebaseToDo" */ = {
			isa = XCConfigurationList;
			buildConfigurations = (
				AC7F4A4E237587D100B929B5 /* Debug */,
				AC7F4A4F237587D100B929B5 /* Release */,
			);
			defaultConfigurationIsVisible = 0;
			defaultConfigurationName = Release;
		};
/* End XCConfigurationList section */
	};
	rootObject = AC7F4A31237587CA00B929B5 /* Project object */;
}
